
Microsoft Visual Studio Solution File, Format Version 12.00
# Visual Studio Version 17
VisualStudioVersion = 17.3.32825.248
MinimumVisualStudioVersion = 10.0.40219.1
Project("{FAE04EC0-301F-11D3-BF4B-00C04F79EFBC}") = "DB_Egzam_V1", "DB_Egzam_V1.csproj", "{E88164F1-3914-42D9-89E4-D010591D6DF7}"
EndProject
Global
	GlobalSection(SolutionConfigurationPlatforms) = preSolution
		Debug|Any CPU = Debug|Any CPU
		Release|Any CPU = Release|Any CPU
	EndGlobalSection
	GlobalSection(ProjectConfigurationPlatforms) = postSolution
		{E88164F1-3914-42D9-89E4-D010591D6DF7}.Debug|Any CPU.ActiveCfg = Debug|Any CPU
		{E88164F1-3914-42D9-89E4-D010591D6DF7}.Debug|Any CPU.Build.0 = Debug|Any CPU
		{E88164F1-3914-42D9-89E4-D010591D6DF7}.Release|Any CPU.ActiveCfg = Release|Any CPU
		{E88164F1-3914-42D9-89E4-D010591D6DF7}.Release|Any CPU.Build.0 = Release|Any CPU
	EndGlobalSection
	GlobalSection(SolutionProperties) = preSolution
		HideSolutionNode = FALSE
	EndGlobalSection
	GlobalSection(ExtensibilityGlobals) = postSolution
		SolutionGuid = {9B35C02D-5691-4345-A83D-199F061467EE}
	EndGlobalSection
EndGlobal
